<Solution>
  <Project Path="WorldRank.Application/WorldRank.Application.csproj" />
  <Project Path="WorldRank.Domain/WorldRank.Domain.csproj" />
  <Project Path="WorldRank.Infrastructure/WorldRank.Infrastructure.csproj" />
    <Project Path="WorldRank.Api/WorldRank.Api.csproj " />
</Solution>
